
Microsoft Visual Studio Solution File, Format Version 12.00
# Visual Studio 2013
VisualStudioVersion = 12.0.30501.0
MinimumVisualStudioVersion = 10.0.40219.1
Project("{FAE04EC0-301F-11D3-BF4B-00C04F79EFBC}") = "PeliAsiakas", "PeliAsiakas\PeliAsiakas.csproj", "{847770F3-F9A3-48BD-A8C6-23EC459482CC}"
EndProject
Project("{FAE04EC0-301F-11D3-BF4B-00C04F79EFBC}") = "PeliPalvelin", "PeliPalvelin\PeliPalvelin.csproj", "{7FCD2389-1A71-476E-BA56-7A270CDC53D1}"
EndProject
Global
	GlobalSection(SolutionConfigurationPlatforms) = preSolution
		Debug|Any CPU = Debug|Any CPU
		Release|Any CPU = Release|Any CPU
	EndGlobalSection
	GlobalSection(ProjectConfigurationPlatforms) = postSolution
		{847770F3-F9A3-48BD-A8C6-23EC459482CC}.Debug|Any CPU.ActiveCfg = Debug|Any CPU
		{847770F3-F9A3-48BD-A8C6-23EC459482CC}.Debug|Any CPU.Build.0 = Debug|Any CPU
		{847770F3-F9A3-48BD-A8C6-23EC459482CC}.Release|Any CPU.ActiveCfg = Release|Any CPU
		{847770F3-F9A3-48BD-A8C6-23EC459482CC}.Release|Any CPU.Build.0 = Release|Any CPU
		{7FCD2389-1A71-476E-BA56-7A270CDC53D1}.Debug|Any CPU.ActiveCfg = Debug|Any CPU
		{7FCD2389-1A71-476E-BA56-7A270CDC53D1}.Debug|Any CPU.Build.0 = Debug|Any CPU
		{7FCD2389-1A71-476E-BA56-7A270CDC53D1}.Release|Any CPU.ActiveCfg = Release|Any CPU
		{7FCD2389-1A71-476E-BA56-7A270CDC53D1}.Release|Any CPU.Build.0 = Release|Any CPU
	EndGlobalSection
	GlobalSection(SolutionProperties) = preSolution
		HideSolutionNode = FALSE
	EndGlobalSection
EndGlobal
